
Microsoft Visual Studio Solution File, Format Version 12.00
# Visual Studio Version 17
VisualStudioVersion = 17.14.36511.14
MinimumVisualStudioVersion = 10.0.40219.1
Project("{FAE04EC0-301F-11D3-BF4B-00C04F79EFBC}") = "Inventory.Core", "src\Inventory.Core\Inventory.Core.csproj", "{A88C3FFB-8626-7ABB-6F4B-23AF590B81BE}"
EndProject
Project("{FAE04EC0-301F-11D3-BF4B-00C04F79EFBC}") = "Inventory.Infrastructure", "src\Inventory.Infrastructure\Inventory.Infrastructure.csproj", "{54B5580C-A225-034D-3FA7-5A1E6F48CBD5}"
EndProject
Project("{FAE04EC0-301F-11D3-BF4B-00C04F79EFBC}") = "Inventory.Application", "src\Inventory.Application\Inventory.Application.csproj", "{1B62D7D3-0500-05A8-1E1D-AF36A174A000}"
EndProject
Project("{FAE04EC0-301F-11D3-BF4B-00C04F79EFBC}") = "Inventory.Api", "src\Inventory.Api\Inventory.Api.csproj", "{E876D116-051F-95C0-6679-7BCC3220AE6D}"
EndProject
Project("{2150E333-8FDC-42A3-9474-1A3956D46DE8}") = "src", "src", "{02EA681E-C7D8-13C7-8484-4AC65E1B71E8}"
EndProject
Global
	GlobalSection(SolutionConfigurationPlatforms) = preSolution
		Debug|Any CPU = Debug|Any CPU
		Release|Any CPU = Release|Any CPU
	EndGlobalSection
	GlobalSection(ProjectConfigurationPlatforms) = postSolution
		{A88C3FFB-8626-7ABB-6F4B-23AF590B81BE}.Debug|Any CPU.ActiveCfg = Debug|Any CPU
		{A88C3FFB-8626-7ABB-6F4B-23AF590B81BE}.Debug|Any CPU.Build.0 = Debug|Any CPU
		{A88C3FFB-8626-7ABB-6F4B-23AF590B81BE}.Release|Any CPU.ActiveCfg = Release|Any CPU
		{A88C3FFB-8626-7ABB-6F4B-23AF590B81BE}.Release|Any CPU.Build.0 = Release|Any CPU
		{54B5580C-A225-034D-3FA7-5A1E6F48CBD5}.Debug|Any CPU.ActiveCfg = Debug|Any CPU
		{54B5580C-A225-034D-3FA7-5A1E6F48CBD5}.Debug|Any CPU.Build.0 = Debug|Any CPU
		{54B5580C-A225-034D-3FA7-5A1E6F48CBD5}.Release|Any CPU.ActiveCfg = Release|Any CPU
		{54B5580C-A225-034D-3FA7-5A1E6F48CBD5}.Release|Any CPU.Build.0 = Release|Any CPU
		{1B62D7D3-0500-05A8-1E1D-AF36A174A000}.Debug|Any CPU.ActiveCfg = Debug|Any CPU
		{1B62D7D3-0500-05A8-1E1D-AF36A174A000}.Debug|Any CPU.Build.0 = Debug|Any CPU
		{1B62D7D3-0500-05A8-1E1D-AF36A174A000}.Release|Any CPU.ActiveCfg = Release|Any CPU
		{1B62D7D3-0500-05A8-1E1D-AF36A174A000}.Release|Any CPU.Build.0 = Release|Any CPU
		{E876D116-051F-95C0-6679-7BCC3220AE6D}.Debug|Any CPU.ActiveCfg = Debug|Any CPU
		{E876D116-051F-95C0-6679-7BCC3220AE6D}.Debug|Any CPU.Build.0 = Debug|Any CPU
		{E876D116-051F-95C0-6679-7BCC3220AE6D}.Release|Any CPU.ActiveCfg = Release|Any CPU
		{E876D116-051F-95C0-6679-7BCC3220AE6D}.Release|Any CPU.Build.0 = Release|Any CPU
	EndGlobalSection
	GlobalSection(SolutionProperties) = preSolution
		HideSolutionNode = FALSE
	EndGlobalSection
	GlobalSection(NestedProjects) = preSolution
		{A88C3FFB-8626-7ABB-6F4B-23AF590B81BE} = {02EA681E-C7D8-13C7-8484-4AC65E1B71E8}
		{54B5580C-A225-034D-3FA7-5A1E6F48CBD5} = {02EA681E-C7D8-13C7-8484-4AC65E1B71E8}
		{1B62D7D3-0500-05A8-1E1D-AF36A174A000} = {02EA681E-C7D8-13C7-8484-4AC65E1B71E8}
		{E876D116-051F-95C0-6679-7BCC3220AE6D} = {02EA681E-C7D8-13C7-8484-4AC65E1B71E8}
	EndGlobalSection
	GlobalSection(ExtensibilityGlobals) = postSolution
		SolutionGuid = {FB825F19-1DB5-4076-93E4-529AC4909C8C}
	EndGlobalSection
EndGlobal
